
Microsoft Visual Studio Solution File, Format Version 12.00
# Visual Studio Version 17
VisualStudioVersion = 17.5.33502.453
MinimumVisualStudioVersion = 10.0.40219.1
Project("{FAE04EC0-301F-11D3-BF4B-00C04F79EFBC}") = "APiEntity", "APiEntity\APiEntity.csproj", "{FA2ACA9B-3192-4FB7-88EF-6243054F5F41}"
EndProject
Global
	GlobalSection(SolutionConfigurationPlatforms) = preSolution
		Debug|Any CPU = Debug|Any CPU
		Release|Any CPU = Release|Any CPU
	EndGlobalSection
	GlobalSection(ProjectConfigurationPlatforms) = postSolution
		{FA2ACA9B-3192-4FB7-88EF-6243054F5F41}.Debug|Any CPU.ActiveCfg = Debug|Any CPU
		{FA2ACA9B-3192-4FB7-88EF-6243054F5F41}.Debug|Any CPU.Build.0 = Debug|Any CPU
		{FA2ACA9B-3192-4FB7-88EF-6243054F5F41}.Release|Any CPU.ActiveCfg = Release|Any CPU
		{FA2ACA9B-3192-4FB7-88EF-6243054F5F41}.Release|Any CPU.Build.0 = Release|Any CPU
	EndGlobalSection
	GlobalSection(SolutionProperties) = preSolution
		HideSolutionNode = FALSE
	EndGlobalSection
	GlobalSection(ExtensibilityGlobals) = postSolution
		SolutionGuid = {AB2C437A-D6FA-47BB-8DA7-9BC52E6EBB83}
	EndGlobalSection
EndGlobal
